
Microsoft Visual Studio Solution File, Format Version 12.00
# Visual Studio Version 17
VisualStudioVersion = 17.0.32112.339
MinimumVisualStudioVersion = 10.0.40219.1
Project("{9A19103F-16F7-4668-BE54-9A1E7A4F7556}") = "Lab3", "Lab3\Lab3\Lab3.csproj", "{FC75C317-B76D-472A-B28B-9F1567D890BA}"
EndProject
Project("{9A19103F-16F7-4668-BE54-9A1E7A4F7556}") = "FullSailCasino", "Lab4\FullSailCasino\FullSailCasino.csproj", "{CD17D518-13E4-4941-9A7E-ED7F2D5984F7}"
EndProject
Project("{9A19103F-16F7-4668-BE54-9A1E7A4F7556}") = "PG2Input", "PG2Input\PG2Input.csproj", "{E64EFEFA-6E05-462B-B356-5D99211C7AFD}"
EndProject
Project("{9A19103F-16F7-4668-BE54-9A1E7A4F7556}") = "BlackjackClassLibrary", "Lab3\BlackjackObjects\BlackjackClassLibrary.csproj", "{83B99CCE-800D-4EE6-A188-A3FA71F47212}"
EndProject
Project("{2150E333-8FDC-42A3-9474-1A3956D46DE8}") = "Solution Items", "Solution Items", "{6B307ACA-30BB-4F6A-810F-C76B01F7D01D}"
	ProjectSection(SolutionItems) = preProject
		Lab4\Lab Blackjack Game.pdf = Lab4\Lab Blackjack Game.pdf
	EndProjectSection
EndProject
Global
	GlobalSection(SolutionConfigurationPlatforms) = preSolution
		Debug|Any CPU = Debug|Any CPU
		Release|Any CPU = Release|Any CPU
	EndGlobalSection
	GlobalSection(ProjectConfigurationPlatforms) = postSolution
		{FC75C317-B76D-472A-B28B-9F1567D890BA}.Debug|Any CPU.ActiveCfg = Debug|Any CPU
		{FC75C317-B76D-472A-B28B-9F1567D890BA}.Debug|Any CPU.Build.0 = Debug|Any CPU
		{FC75C317-B76D-472A-B28B-9F1567D890BA}.Release|Any CPU.ActiveCfg = Release|Any CPU
		{FC75C317-B76D-472A-B28B-9F1567D890BA}.Release|Any CPU.Build.0 = Release|Any CPU
		{CD17D518-13E4-4941-9A7E-ED7F2D5984F7}.Debug|Any CPU.ActiveCfg = Debug|Any CPU
		{CD17D518-13E4-4941-9A7E-ED7F2D5984F7}.Debug|Any CPU.Build.0 = Debug|Any CPU
		{CD17D518-13E4-4941-9A7E-ED7F2D5984F7}.Release|Any CPU.ActiveCfg = Release|Any CPU
		{CD17D518-13E4-4941-9A7E-ED7F2D5984F7}.Release|Any CPU.Build.0 = Release|Any CPU
		{E64EFEFA-6E05-462B-B356-5D99211C7AFD}.Debug|Any CPU.ActiveCfg = Debug|Any CPU
		{E64EFEFA-6E05-462B-B356-5D99211C7AFD}.Debug|Any CPU.Build.0 = Debug|Any CPU
		{E64EFEFA-6E05-462B-B356-5D99211C7AFD}.Release|Any CPU.ActiveCfg = Release|Any CPU
		{E64EFEFA-6E05-462B-B356-5D99211C7AFD}.Release|Any CPU.Build.0 = Release|Any CPU
		{83B99CCE-800D-4EE6-A188-A3FA71F47212}.Debug|Any CPU.ActiveCfg = Debug|Any CPU
		{83B99CCE-800D-4EE6-A188-A3FA71F47212}.Debug|Any CPU.Build.0 = Debug|Any CPU
		{83B99CCE-800D-4EE6-A188-A3FA71F47212}.Release|Any CPU.ActiveCfg = Release|Any CPU
		{83B99CCE-800D-4EE6-A188-A3FA71F47212}.Release|Any CPU.Build.0 = Release|Any CPU
	EndGlobalSection
	GlobalSection(SolutionProperties) = preSolution
		HideSolutionNode = FALSE
	EndGlobalSection
	GlobalSection(ExtensibilityGlobals) = postSolution
		SolutionGuid = {6093A31C-70D6-441E-A105-54A790DFDABC}
	EndGlobalSection
EndGlobal
